
Microsoft Visual Studio Solution File, Format Version 12.00
# Visual Studio 14
VisualStudioVersion = 14.0.25420.1
MinimumVisualStudioVersion = 10.0.40219.1
Project("{D954291E-2A0B-460D-934E-DC6B0785DB48}") = "HelloXamarinFormsSAP", "HelloXamarinFormsSAP\HelloXamarinFormsSAP\HelloXamarinFormsSAP.shproj", "{10066C67-3CA5-4F87-ADA3-5CEBDAE04474}"
EndProject
Project("{FAE04EC0-301F-11D3-BF4B-00C04F79EFBC}") = "HelloXamarinFormsSAP.Droid", "HelloXamarinFormsSAP\HelloXamarinFormsSAP.Droid\HelloXamarinFormsSAP.Droid.csproj", "{B400C0B7-3446-42D3-81CC-697683E014F7}"
EndProject
Project("{FAE04EC0-301F-11D3-BF4B-00C04F79EFBC}") = "HelloXamarinFormsSAP.iOS", "HelloXamarinFormsSAP\HelloXamarinFormsSAP.iOS\HelloXamarinFormsSAP.iOS.csproj", "{3551EFF6-7AD4-4A7C-8C78-3BDDAD47EDED}"
EndProject
Project("{FAE04EC0-301F-11D3-BF4B-00C04F79EFBC}") = "HelloXamarinFormsSAP.WinPhone", "HelloXamarinFormsSAP\HelloXamarinFormsSAP.WinPhone\HelloXamarinFormsSAP.WinPhone.csproj", "{A472CD48-621C-407C-A58E-B02060ED9918}"
EndProject
Project("{FAE04EC0-301F-11D3-BF4B-00C04F79EFBC}") = "HelloXamarinFormsSAP.UWP", "HelloXamarinFormsSAP\HelloXamarinFormsSAP.UWP\HelloXamarinFormsSAP.UWP.csproj", "{A79AEF4D-0AAD-4E31-8711-F5EF757C197B}"
EndProject
Project("{FAE04EC0-301F-11D3-BF4B-00C04F79EFBC}") = "HelloXamarinFormsSAP.Windows", "HelloXamarinFormsSAP\HelloXamarinFormsSAP.Windows\HelloXamarinFormsSAP.Windows.csproj", "{DC11C5EC-4553-49A8-995B-5891BE5FD105}"
EndProject
Global
	GlobalSection(SharedMSBuildProjectFiles) = preSolution
		HelloXamarinFormsSAP\HelloXamarinFormsSAP\HelloXamarinFormsSAP.projitems*{10066c67-3ca5-4f87-ada3-5cebdae04474}*SharedItemsImports = 13
		HelloXamarinFormsSAP\HelloXamarinFormsSAP\HelloXamarinFormsSAP.projitems*{3551eff6-7ad4-4a7c-8c78-3bddad47eded}*SharedItemsImports = 4
		HelloXamarinFormsSAP\HelloXamarinFormsSAP\HelloXamarinFormsSAP.projitems*{b400c0b7-3446-42d3-81cc-697683e014f7}*SharedItemsImports = 4
	EndGlobalSection
	GlobalSection(SolutionConfigurationPlatforms) = preSolution
		Ad-Hoc|Any CPU = Ad-Hoc|Any CPU
		Ad-Hoc|ARM = Ad-Hoc|ARM
		Ad-Hoc|iPhone = Ad-Hoc|iPhone
		Ad-Hoc|iPhoneSimulator = Ad-Hoc|iPhoneSimulator
		Ad-Hoc|x64 = Ad-Hoc|x64
		Ad-Hoc|x86 = Ad-Hoc|x86
		AppStore|Any CPU = AppStore|Any CPU
		AppStore|ARM = AppStore|ARM
		AppStore|iPhone = AppStore|iPhone
		AppStore|iPhoneSimulator = AppStore|iPhoneSimulator
		AppStore|x64 = AppStore|x64
		AppStore|x86 = AppStore|x86
		Debug|Any CPU = Debug|Any CPU
		Debug|ARM = Debug|ARM
		Debug|iPhone = Debug|iPhone
		Debug|iPhoneSimulator = Debug|iPhoneSimulator
		Debug|x64 = Debug|x64
		Debug|x86 = Debug|x86
		Release|Any CPU = Release|Any CPU
		Release|ARM = Release|ARM
		Release|iPhone = Release|iPhone
		Release|iPhoneSimulator = Release|iPhoneSimulator
		Release|x64 = Release|x64
		Release|x86 = Release|x86
	EndGlobalSection
	GlobalSection(ProjectConfigurationPlatforms) = postSolution
		{B400C0B7-3446-42D3-81CC-697683E014F7}.Ad-Hoc|Any CPU.ActiveCfg = Release|Any CPU
		{B400C0B7-3446-42D3-81CC-697683E014F7}.Ad-Hoc|Any CPU.Build.0 = Release|Any CPU
		{B400C0B7-3446-42D3-81CC-697683E014F7}.Ad-Hoc|Any CPU.Deploy.0 = Release|Any CPU
		{B400C0B7-3446-42D3-81CC-697683E014F7}.Ad-Hoc|ARM.ActiveCfg = Release|Any CPU
		{B400C0B7-3446-42D3-81CC-697683E014F7}.Ad-Hoc|ARM.Build.0 = Release|Any CPU
		{B400C0B7-3446-42D3-81CC-697683E014F7}.Ad-Hoc|ARM.Deploy.0 = Release|Any CPU
		{B400C0B7-3446-42D3-81CC-697683E014F7}.Ad-Hoc|iPhone.ActiveCfg = Release|Any CPU
		{B400C0B7-3446-42D3-81CC-697683E014F7}.Ad-Hoc|iPhone.Build.0 = Release|Any CPU
		{B400C0B7-3446-42D3-81CC-697683E014F7}.Ad-Hoc|iPhone.Deploy.0 = Release|Any CPU
		{B400C0B7-3446-42D3-81CC-697683E014F7}.Ad-Hoc|iPhoneSimulator.ActiveCfg = Release|Any CPU
		{B400C0B7-3446-42D3-81CC-697683E014F7}.Ad-Hoc|iPhoneSimulator.Build.0 = Release|Any CPU
		{B400C0B7-3446-42D3-81CC-697683E014F7}.Ad-Hoc|iPhoneSimulator.Deploy.0 = Release|Any CPU
		{B400C0B7-3446-42D3-81CC-697683E014F7}.Ad-Hoc|x64.ActiveCfg = Release|Any CPU
		{B400C0B7-3446-42D3-81CC-697683E014F7}.Ad-Hoc|x64.Build.0 = Release|Any CPU
		{B400C0B7-3446-42D3-81CC-697683E014F7}.Ad-Hoc|x64.Deploy.0 = Release|Any CPU
		{B400C0B7-3446-42D3-81CC-697683E014F7}.Ad-Hoc|x86.ActiveCfg = Release|Any CPU
		{B400C0B7-3446-42D3-81CC-697683E014F7}.Ad-Hoc|x86.Build.0 = Release|Any CPU
		{B400C0B7-3446-42D3-81CC-697683E014F7}.Ad-Hoc|x86.Deploy.0 = Release|Any CPU
		{B400C0B7-3446-42D3-81CC-697683E014F7}.AppStore|Any CPU.ActiveCfg = Release|Any CPU
		{B400C0B7-3446-42D3-81CC-697683E014F7}.AppStore|Any CPU.Build.0 = Release|Any CPU
		{B400C0B7-3446-42D3-81CC-697683E014F7}.AppStore|Any CPU.Deploy.0 = Release|Any CPU
		{B400C0B7-3446-42D3-81CC-697683E014F7}.AppStore|ARM.ActiveCfg = Release|Any CPU
		{B400C0B7-3446-42D3-81CC-697683E014F7}.AppStore|ARM.Build.0 = Release|Any CPU
		{B400C0B7-3446-42D3-81CC-697683E014F7}.AppStore|ARM.Deploy.0 = Release|Any CPU
		{B400C0B7-3446-42D3-81CC-697683E014F7}.AppStore|iPhone.ActiveCfg = Release|Any CPU
		{B400C0B7-3446-42D3-81CC-697683E014F7}.AppStore|iPhone.Build.0 = Release|Any CPU
		{B400C0B7-3446-42D3-81CC-697683E014F7}.AppStore|iPhone.Deploy.0 = Release|Any CPU
		{B400C0B7-3446-42D3-81CC-697683E014F7}.AppStore|iPhoneSimulator.ActiveCfg = Release|Any CPU
		{B400C0B7-3446-42D3-81CC-697683E014F7}.AppStore|iPhoneSimulator.Build.0 = Release|Any CPU
		{B400C0B7-3446-42D3-81CC-697683E014F7}.AppStore|iPhoneSimulator.Deploy.0 = Release|Any CPU
		{B400C0B7-3446-42D3-81CC-697683E014F7}.AppStore|x64.ActiveCfg = Release|Any CPU
		{B400C0B7-3446-42D3-81CC-697683E014F7}.AppStore|x64.Build.0 = Release|Any CPU
		{B400C0B7-3446-42D3-81CC-697683E014F7}.AppStore|x64.Deploy.0 = Release|Any CPU
		{B400C0B7-3446-42D3-81CC-697683E014F7}.AppStore|x86.ActiveCfg = Release|Any CPU
		{B400C0B7-3446-42D3-81CC-697683E014F7}.AppStore|x86.Build.0 = Release|Any CPU
		{B400C0B7-3446-42D3-81CC-697683E014F7}.AppStore|x86.Deploy.0 = Release|Any CPU
		{B400C0B7-3446-42D3-81CC-697683E014F7}.Debug|Any CPU.ActiveCfg = Debug|Any CPU
		{B400C0B7-3446-42D3-81CC-697683E014F7}.Debug|Any CPU.Build.0 = Debug|Any CPU
		{B400C0B7-3446-42D3-81CC-697683E014F7}.Debug|Any CPU.Deploy.0 = Debug|Any CPU
		{B400C0B7-3446-42D3-81CC-697683E014F7}.Debug|ARM.ActiveCfg = Debug|Any CPU
		{B400C0B7-3446-42D3-81CC-697683E014F7}.Debug|ARM.Build.0 = Debug|Any CPU
		{B400C0B7-3446-42D3-81CC-697683E014F7}.Debug|ARM.Deploy.0 = Debug|Any CPU
		{B400C0B7-3446-42D3-81CC-697683E014F7}.Debug|iPhone.ActiveCfg = Debug|Any CPU
		{B400C0B7-3446-42D3-81CC-697683E014F7}.Debug|iPhone.Build.0 = Debug|Any CPU
		{B400C0B7-3446-42D3-81CC-697683E014F7}.Debug|iPhone.Deploy.0 = Debug|Any CPU
		{B400C0B7-3446-42D3-81CC-697683E014F7}.Debug|iPhoneSimulator.ActiveCfg = Debug|Any CPU
		{B400C0B7-3446-42D3-81CC-697683E014F7}.Debug|iPhoneSimulator.Build.0 = Debug|Any CPU
		{B400C0B7-3446-42D3-81CC-697683E014F7}.Debug|iPhoneSimulator.Deploy.0 = Debug|Any CPU
		{B400C0B7-3446-42D3-81CC-697683E014F7}.Debug|x64.ActiveCfg = Debug|Any CPU
		{B400C0B7-3446-42D3-81CC-697683E014F7}.Debug|x64.Build.0 = Debug|Any CPU
		{B400C0B7-3446-42D3-81CC-697683E014F7}.Debug|x64.Deploy.0 = Debug|Any CPU
		{B400C0B7-3446-42D3-81CC-697683E014F7}.Debug|x86.ActiveCfg = Debug|Any CPU
		{B400C0B7-3446-42D3-81CC-697683E014F7}.Debug|x86.Build.0 = Debug|Any CPU
		{B400C0B7-3446-42D3-81CC-697683E014F7}.Debug|x86.Deploy.0 = Debug|Any CPU
		{B400C0B7-3446-42D3-81CC-697683E014F7}.Release|Any CPU.ActiveCfg = Release|Any CPU
		{B400C0B7-3446-42D3-81CC-697683E014F7}.Release|Any CPU.Build.0 = Release|Any CPU
		{B400C0B7-3446-42D3-81CC-697683E014F7}.Release|Any CPU.Deploy.0 = Release|Any CPU
		{B400C0B7-3446-42D3-81CC-697683E014F7}.Release|ARM.ActiveCfg = Release|Any CPU
		{B400C0B7-3446-42D3-81CC-697683E014F7}.Release|ARM.Build.0 = Release|Any CPU
		{B400C0B7-3446-42D3-81CC-697683E014F7}.Release|ARM.Deploy.0 = Release|Any CPU
		{B400C0B7-3446-42D3-81CC-697683E014F7}.Release|iPhone.ActiveCfg = Release|Any CPU
		{B400C0B7-3446-42D3-81CC-697683E014F7}.Release|iPhone.Build.0 = Release|Any CPU
		{B400C0B7-3446-42D3-81CC-697683E014F7}.Release|iPhone.Deploy.0 = Release|Any CPU
		{B400C0B7-3446-42D3-81CC-697683E014F7}.Release|iPhoneSimulator.ActiveCfg = Release|Any CPU
		{B400C0B7-3446-42D3-81CC-697683E014F7}.Release|iPhoneSimulator.Build.0 = Release|Any CPU
		{B400C0B7-3446-42D3-81CC-697683E014F7}.Release|iPhoneSimulator.Deploy.0 = Release|Any CPU
		{B400C0B7-3446-42D3-81CC-697683E014F7}.Release|x64.ActiveCfg = Release|Any CPU
		{B400C0B7-3446-42D3-81CC-697683E014F7}.Release|x64.Build.0 = Release|Any CPU
		{B400C0B7-3446-42D3-81CC-697683E014F7}.Release|x64.Deploy.0 = Release|Any CPU
		{B400C0B7-3446-42D3-81CC-697683E014F7}.Release|x86.ActiveCfg = Release|Any CPU
		{B400C0B7-3446-42D3-81CC-697683E014F7}.Release|x86.Build.0 = Release|Any CPU
		{B400C0B7-3446-42D3-81CC-697683E014F7}.Release|x86.Deploy.0 = Release|Any CPU
		{3551EFF6-7AD4-4A7C-8C78-3BDDAD47EDED}.Ad-Hoc|Any CPU.ActiveCfg = Ad-Hoc|iPhone
		{3551EFF6-7AD4-4A7C-8C78-3BDDAD47EDED}.Ad-Hoc|ARM.ActiveCfg = Ad-Hoc|iPhone
		{3551EFF6-7AD4-4A7C-8C78-3BDDAD47EDED}.Ad-Hoc|iPhone.ActiveCfg = Ad-Hoc|iPhone
		{3551EFF6-7AD4-4A7C-8C78-3BDDAD47EDED}.Ad-Hoc|iPhone.Build.0 = Ad-Hoc|iPhone
		{3551EFF6-7AD4-4A7C-8C78-3BDDAD47EDED}.Ad-Hoc|iPhoneSimulator.ActiveCfg = Ad-Hoc|iPhoneSimulator
		{3551EFF6-7AD4-4A7C-8C78-3BDDAD47EDED}.Ad-Hoc|iPhoneSimulator.Build.0 = Ad-Hoc|iPhoneSimulator
		{3551EFF6-7AD4-4A7C-8C78-3BDDAD47EDED}.Ad-Hoc|x64.ActiveCfg = Ad-Hoc|iPhone
		{3551EFF6-7AD4-4A7C-8C78-3BDDAD47EDED}.Ad-Hoc|x86.ActiveCfg = Ad-Hoc|iPhone
		{3551EFF6-7AD4-4A7C-8C78-3BDDAD47EDED}.AppStore|Any CPU.ActiveCfg = AppStore|iPhone
		{3551EFF6-7AD4-4A7C-8C78-3BDDAD47EDED}.AppStore|ARM.ActiveCfg = AppStore|iPhone
		{3551EFF6-7AD4-4A7C-8C78-3BDDAD47EDED}.AppStore|iPhone.ActiveCfg = AppStore|iPhone
		{3551EFF6-7AD4-4A7C-8C78-3BDDAD47EDED}.AppStore|iPhone.Build.0 = AppStore|iPhone
		{3551EFF6-7AD4-4A7C-8C78-3BDDAD47EDED}.AppStore|iPhoneSimulator.ActiveCfg = AppStore|iPhoneSimulator
		{3551EFF6-7AD4-4A7C-8C78-3BDDAD47EDED}.AppStore|iPhoneSimulator.Build.0 = AppStore|iPhoneSimulator
		{3551EFF6-7AD4-4A7C-8C78-3BDDAD47EDED}.AppStore|x64.ActiveCfg = AppStore|iPhone
		{3551EFF6-7AD4-4A7C-8C78-3BDDAD47EDED}.AppStore|x86.ActiveCfg = AppStore|iPhone
		{3551EFF6-7AD4-4A7C-8C78-3BDDAD47EDED}.Debug|Any CPU.ActiveCfg = Debug|iPhone
		{3551EFF6-7AD4-4A7C-8C78-3BDDAD47EDED}.Debug|ARM.ActiveCfg = Debug|iPhone
		{3551EFF6-7AD4-4A7C-8C78-3BDDAD47EDED}.Debug|iPhone.ActiveCfg = Debug|iPhone
		{3551EFF6-7AD4-4A7C-8C78-3BDDAD47EDED}.Debug|iPhone.Build.0 = Debug|iPhone
		{3551EFF6-7AD4-4A7C-8C78-3BDDAD47EDED}.Debug|iPhoneSimulator.ActiveCfg = Debug|iPhoneSimulator
		{3551EFF6-7AD4-4A7C-8C78-3BDDAD47EDED}.Debug|iPhoneSimulator.Build.0 = Debug|iPhoneSimulator
		{3551EFF6-7AD4-4A7C-8C78-3BDDAD47EDED}.Debug|x64.ActiveCfg = Debug|iPhone
		{3551EFF6-7AD4-4A7C-8C78-3BDDAD47EDED}.Debug|x86.ActiveCfg = Debug|iPhone
		{3551EFF6-7AD4-4A7C-8C78-3BDDAD47EDED}.Release|Any CPU.ActiveCfg = Release|iPhone
		{3551EFF6-7AD4-4A7C-8C78-3BDDAD47EDED}.Release|ARM.ActiveCfg = Release|iPhone
		{3551EFF6-7AD4-4A7C-8C78-3BDDAD47EDED}.Release|iPhone.ActiveCfg = Release|iPhone
		{3551EFF6-7AD4-4A7C-8C78-3BDDAD47EDED}.Release|iPhone.Build.0 = Release|iPhone
		{3551EFF6-7AD4-4A7C-8C78-3BDDAD47EDED}.Release|iPhoneSimulator.ActiveCfg = Release|iPhoneSimulator
		{3551EFF6-7AD4-4A7C-8C78-3BDDAD47EDED}.Release|iPhoneSimulator.Build.0 = Release|iPhoneSimulator
		{3551EFF6-7AD4-4A7C-8C78-3BDDAD47EDED}.Release|x64.ActiveCfg = Release|iPhone
		{3551EFF6-7AD4-4A7C-8C78-3BDDAD47EDED}.Release|x86.ActiveCfg = Release|iPhone
		{A472CD48-621C-407C-A58E-B02060ED9918}.Ad-Hoc|Any CPU.ActiveCfg = Release|Any CPU
		{A472CD48-621C-407C-A58E-B02060ED9918}.Ad-Hoc|Any CPU.Build.0 = Release|Any CPU
		{A472CD48-621C-407C-A58E-B02060ED9918}.Ad-Hoc|Any CPU.Deploy.0 = Release|Any CPU
		{A472CD48-621C-407C-A58E-B02060ED9918}.Ad-Hoc|ARM.ActiveCfg = Release|ARM
		{A472CD48-621C-407C-A58E-B02060ED9918}.Ad-Hoc|ARM.Build.0 = Release|ARM
		{A472CD48-621C-407C-A58E-B02060ED9918}.Ad-Hoc|ARM.Deploy.0 = Release|ARM
		{A472CD48-621C-407C-A58E-B02060ED9918}.Ad-Hoc|iPhone.ActiveCfg = Release|Any CPU
		{A472CD48-621C-407C-A58E-B02060ED9918}.Ad-Hoc|iPhone.Build.0 = Release|Any CPU
		{A472CD48-621C-407C-A58E-B02060ED9918}.Ad-Hoc|iPhone.Deploy.0 = Release|Any CPU
		{A472CD48-621C-407C-A58E-B02060ED9918}.Ad-Hoc|iPhoneSimulator.ActiveCfg = Release|Any CPU
		{A472CD48-621C-407C-A58E-B02060ED9918}.Ad-Hoc|iPhoneSimulator.Build.0 = Release|Any CPU
		{A472CD48-621C-407C-A58E-B02060ED9918}.Ad-Hoc|iPhoneSimulator.Deploy.0 = Release|Any CPU
		{A472CD48-621C-407C-A58E-B02060ED9918}.Ad-Hoc|x64.ActiveCfg = Release|Any CPU
		{A472CD48-621C-407C-A58E-B02060ED9918}.Ad-Hoc|x64.Build.0 = Release|Any CPU
		{A472CD48-621C-407C-A58E-B02060ED9918}.Ad-Hoc|x64.Deploy.0 = Release|Any CPU
		{A472CD48-621C-407C-A58E-B02060ED9918}.Ad-Hoc|x86.ActiveCfg = Release|x86
		{A472CD48-621C-407C-A58E-B02060ED9918}.Ad-Hoc|x86.Build.0 = Release|x86
		{A472CD48-621C-407C-A58E-B02060ED9918}.Ad-Hoc|x86.Deploy.0 = Release|x86
		{A472CD48-621C-407C-A58E-B02060ED9918}.AppStore|Any CPU.ActiveCfg = Release|Any CPU
		{A472CD48-621C-407C-A58E-B02060ED9918}.AppStore|Any CPU.Build.0 = Release|Any CPU
		{A472CD48-621C-407C-A58E-B02060ED9918}.AppStore|Any CPU.Deploy.0 = Release|Any CPU
		{A472CD48-621C-407C-A58E-B02060ED9918}.AppStore|ARM.ActiveCfg = Release|ARM
		{A472CD48-621C-407C-A58E-B02060ED9918}.AppStore|ARM.Build.0 = Release|ARM
		{A472CD48-621C-407C-A58E-B02060ED9918}.AppStore|ARM.Deploy.0 = Release|ARM
		{A472CD48-621C-407C-A58E-B02060ED9918}.AppStore|iPhone.ActiveCfg = Release|Any CPU
		{A472CD48-621C-407C-A58E-B02060ED9918}.AppStore|iPhone.Build.0 = Release|Any CPU
		{A472CD48-621C-407C-A58E-B02060ED9918}.AppStore|iPhone.Deploy.0 = Release|Any CPU
		{A472CD48-621C-407C-A58E-B02060ED9918}.AppStore|iPhoneSimulator.ActiveCfg = Release|Any CPU
		{A472CD48-621C-407C-A58E-B02060ED9918}.AppStore|iPhoneSimulator.Build.0 = Release|Any CPU
		{A472CD48-621C-407C-A58E-B02060ED9918}.AppStore|iPhoneSimulator.Deploy.0 = Release|Any CPU
		{A472CD48-621C-407C-A58E-B02060ED9918}.AppStore|x64.ActiveCfg = Release|Any CPU
		{A472CD48-621C-407C-A58E-B02060ED9918}.AppStore|x64.Build.0 = Release|Any CPU
		{A472CD48-621C-407C-A58E-B02060ED9918}.AppStore|x64.Deploy.0 = Release|Any CPU
		{A472CD48-621C-407C-A58E-B02060ED9918}.AppStore|x86.ActiveCfg = Release|x86
		{A472CD48-621C-407C-A58E-B02060ED9918}.AppStore|x86.Build.0 = Release|x86
		{A472CD48-621C-407C-A58E-B02060ED9918}.AppStore|x86.Deploy.0 = Release|x86
		{A472CD48-621C-407C-A58E-B02060ED9918}.Debug|Any CPU.ActiveCfg = Debug|Any CPU
		{A472CD48-621C-407C-A58E-B02060ED9918}.Debug|Any CPU.Build.0 = Debug|Any CPU
		{A472CD48-621C-407C-A58E-B02060ED9918}.Debug|Any CPU.Deploy.0 = Debug|Any CPU
		{A472CD48-621C-407C-A58E-B02060ED9918}.Debug|ARM.ActiveCfg = Debug|ARM
		{A472CD48-621C-407C-A58E-B02060ED9918}.Debug|ARM.Build.0 = Debug|ARM
		{A472CD48-621C-407C-A58E-B02060ED9918}.Debug|ARM.Deploy.0 = Debug|ARM
		{A472CD48-621C-407C-A58E-B02060ED9918}.Debug|iPhone.ActiveCfg = Debug|Any CPU
		{A472CD48-621C-407C-A58E-B02060ED9918}.Debug|iPhone.Build.0 = Debug|Any CPU
		{A472CD48-621C-407C-A58E-B02060ED9918}.Debug|iPhone.Deploy.0 = Debug|Any CPU
		{A472CD48-621C-407C-A58E-B02060ED9918}.Debug|iPhoneSimulator.ActiveCfg = Debug|Any CPU
		{A472CD48-621C-407C-A58E-B02060ED9918}.Debug|iPhoneSimulator.Build.0 = Debug|Any CPU
		{A472CD48-621C-407C-A58E-B02060ED9918}.Debug|iPhoneSimulator.Deploy.0 = Debug|Any CPU
		{A472CD48-621C-407C-A58E-B02060ED9918}.Debug|x64.ActiveCfg = Debug|Any CPU
		{A472CD48-621C-407C-A58E-B02060ED9918}.Debug|x64.Build.0 = Debug|Any CPU
		{A472CD48-621C-407C-A58E-B02060ED9918}.Debug|x64.Deploy.0 = Debug|Any CPU
		{A472CD48-621C-407C-A58E-B02060ED9918}.Debug|x86.ActiveCfg = Debug|x86
		{A472CD48-621C-407C-A58E-B02060ED9918}.Debug|x86.Build.0 = Debug|x86
		{A472CD48-621C-407C-A58E-B02060ED9918}.Debug|x86.Deploy.0 = Debug|x86
		{A472CD48-621C-407C-A58E-B02060ED9918}.Release|Any CPU.ActiveCfg = Release|Any CPU
		{A472CD48-621C-407C-A58E-B02060ED9918}.Release|Any CPU.Build.0 = Release|Any CPU
		{A472CD48-621C-407C-A58E-B02060ED9918}.Release|Any CPU.Deploy.0 = Release|Any CPU
		{A472CD48-621C-407C-A58E-B02060ED9918}.Release|ARM.ActiveCfg = Release|ARM
		{A472CD48-621C-407C-A58E-B02060ED9918}.Release|ARM.Build.0 = Release|ARM
		{A472CD48-621C-407C-A58E-B02060ED9918}.Release|ARM.Deploy.0 = Release|ARM
		{A472CD48-621C-407C-A58E-B02060ED9918}.Release|iPhone.ActiveCfg = Release|Any CPU
		{A472CD48-621C-407C-A58E-B02060ED9918}.Release|iPhone.Build.0 = Release|Any CPU
		{A472CD48-621C-407C-A58E-B02060ED9918}.Release|iPhone.Deploy.0 = Release|Any CPU
		{A472CD48-621C-407C-A58E-B02060ED9918}.Release|iPhoneSimulator.ActiveCfg = Release|Any CPU
		{A472CD48-621C-407C-A58E-B02060ED9918}.Release|iPhoneSimulator.Build.0 = Release|Any CPU
		{A472CD48-621C-407C-A58E-B02060ED9918}.Release|iPhoneSimulator.Deploy.0 = Release|Any CPU
		{A472CD48-621C-407C-A58E-B02060ED9918}.Release|x64.ActiveCfg = Release|Any CPU
		{A472CD48-621C-407C-A58E-B02060ED9918}.Release|x64.Build.0 = Release|Any CPU
		{A472CD48-621C-407C-A58E-B02060ED9918}.Release|x64.Deploy.0 = Release|Any CPU
		{A472CD48-621C-407C-A58E-B02060ED9918}.Release|x86.ActiveCfg = Release|x86
		{A472CD48-621C-407C-A58E-B02060ED9918}.Release|x86.Build.0 = Release|x86
		{A472CD48-621C-407C-A58E-B02060ED9918}.Release|x86.Deploy.0 = Release|x86
		{A79AEF4D-0AAD-4E31-8711-F5EF757C197B}.Ad-Hoc|Any CPU.ActiveCfg = Release|x86
		{A79AEF4D-0AAD-4E31-8711-F5EF757C197B}.Ad-Hoc|Any CPU.Build.0 = Release|x86
		{A79AEF4D-0AAD-4E31-8711-F5EF757C197B}.Ad-Hoc|Any CPU.Deploy.0 = Release|x86
		{A79AEF4D-0AAD-4E31-8711-F5EF757C197B}.Ad-Hoc|ARM.ActiveCfg = Release|ARM
		{A79AEF4D-0AAD-4E31-8711-F5EF757C197B}.Ad-Hoc|ARM.Build.0 = Release|ARM
		{A79AEF4D-0AAD-4E31-8711-F5EF757C197B}.Ad-Hoc|ARM.Deploy.0 = Release|ARM
		{A79AEF4D-0AAD-4E31-8711-F5EF757C197B}.Ad-Hoc|iPhone.ActiveCfg = Release|x86
		{A79AEF4D-0AAD-4E31-8711-F5EF757C197B}.Ad-Hoc|iPhone.Build.0 = Release|x86
		{A79AEF4D-0AAD-4E31-8711-F5EF757C197B}.Ad-Hoc|iPhone.Deploy.0 = Release|x86
		{A79AEF4D-0AAD-4E31-8711-F5EF757C197B}.Ad-Hoc|iPhoneSimulator.ActiveCfg = Release|x86
		{A79AEF4D-0AAD-4E31-8711-F5EF757C197B}.Ad-Hoc|iPhoneSimulator.Build.0 = Release|x86
		{A79AEF4D-0AAD-4E31-8711-F5EF757C197B}.Ad-Hoc|iPhoneSimulator.Deploy.0 = Release|x86
		{A79AEF4D-0AAD-4E31-8711-F5EF757C197B}.Ad-Hoc|x64.ActiveCfg = Release|x64
		{A79AEF4D-0AAD-4E31-8711-F5EF757C197B}.Ad-Hoc|x64.Build.0 = Release|x64
		{A79AEF4D-0AAD-4E31-8711-F5EF757C197B}.Ad-Hoc|x64.Deploy.0 = Release|x64
		{A79AEF4D-0AAD-4E31-8711-F5EF757C197B}.Ad-Hoc|x86.ActiveCfg = Release|x86
		{A79AEF4D-0AAD-4E31-8711-F5EF757C197B}.Ad-Hoc|x86.Build.0 = Release|x86
		{A79AEF4D-0AAD-4E31-8711-F5EF757C197B}.Ad-Hoc|x86.Deploy.0 = Release|x86
		{A79AEF4D-0AAD-4E31-8711-F5EF757C197B}.AppStore|Any CPU.ActiveCfg = Release|x86
		{A79AEF4D-0AAD-4E31-8711-F5EF757C197B}.AppStore|Any CPU.Build.0 = Release|x86
		{A79AEF4D-0AAD-4E31-8711-F5EF757C197B}.AppStore|Any CPU.Deploy.0 = Release|x86
		{A79AEF4D-0AAD-4E31-8711-F5EF757C197B}.AppStore|ARM.ActiveCfg = Release|ARM
		{A79AEF4D-0AAD-4E31-8711-F5EF757C197B}.AppStore|ARM.Build.0 = Release|ARM
		{A79AEF4D-0AAD-4E31-8711-F5EF757C197B}.AppStore|ARM.Deploy.0 = Release|ARM
		{A79AEF4D-0AAD-4E31-8711-F5EF757C197B}.AppStore|iPhone.ActiveCfg = Release|x86
		{A79AEF4D-0AAD-4E31-8711-F5EF757C197B}.AppStore|iPhone.Build.0 = Release|x86
		{A79AEF4D-0AAD-4E31-8711-F5EF757C197B}.AppStore|iPhone.Deploy.0 = Release|x86
		{A79AEF4D-0AAD-4E31-8711-F5EF757C197B}.AppStore|iPhoneSimulator.ActiveCfg = Release|x86
		{A79AEF4D-0AAD-4E31-8711-F5EF757C197B}.AppStore|iPhoneSimulator.Build.0 = Release|x86
		{A79AEF4D-0AAD-4E31-8711-F5EF757C197B}.AppStore|iPhoneSimulator.Deploy.0 = Release|x86
		{A79AEF4D-0AAD-4E31-8711-F5EF757C197B}.AppStore|x64.ActiveCfg = Release|x64
		{A79AEF4D-0AAD-4E31-8711-F5EF757C197B}.AppStore|x64.Build.0 = Release|x64
		{A79AEF4D-0AAD-4E31-8711-F5EF757C197B}.AppStore|x64.Deploy.0 = Release|x64
		{A79AEF4D-0AAD-4E31-8711-F5EF757C197B}.AppStore|x86.ActiveCfg = Release|x86
		{A79AEF4D-0AAD-4E31-8711-F5EF757C197B}.AppStore|x86.Build.0 = Release|x86
		{A79AEF4D-0AAD-4E31-8711-F5EF757C197B}.AppStore|x86.Deploy.0 = Release|x86
		{A79AEF4D-0AAD-4E31-8711-F5EF757C197B}.Debug|Any CPU.ActiveCfg = Debug|x86
		{A79AEF4D-0AAD-4E31-8711-F5EF757C197B}.Debug|ARM.ActiveCfg = Debug|ARM
		{A79AEF4D-0AAD-4E31-8711-F5EF757C197B}.Debug|ARM.Build.0 = Debug|ARM
		{A79AEF4D-0AAD-4E31-8711-F5EF757C197B}.Debug|ARM.Deploy.0 = Debug|ARM
		{A79AEF4D-0AAD-4E31-8711-F5EF757C197B}.Debug|iPhone.ActiveCfg = Debug|x86
		{A79AEF4D-0AAD-4E31-8711-F5EF757C197B}.Debug|iPhone.Build.0 = Debug|x86
		{A79AEF4D-0AAD-4E31-8711-F5EF757C197B}.Debug|iPhone.Deploy.0 = Debug|x86
		{A79AEF4D-0AAD-4E31-8711-F5EF757C197B}.Debug|iPhoneSimulator.ActiveCfg = Debug|x86
		{A79AEF4D-0AAD-4E31-8711-F5EF757C197B}.Debug|x64.ActiveCfg = Debug|x64
		{A79AEF4D-0AAD-4E31-8711-F5EF757C197B}.Debug|x64.Build.0 = Debug|x64
		{A79AEF4D-0AAD-4E31-8711-F5EF757C197B}.Debug|x64.Deploy.0 = Debug|x64
		{A79AEF4D-0AAD-4E31-8711-F5EF757C197B}.Debug|x86.ActiveCfg = Debug|x86
		{A79AEF4D-0AAD-4E31-8711-F5EF757C197B}.Debug|x86.Build.0 = Debug|x86
		{A79AEF4D-0AAD-4E31-8711-F5EF757C197B}.Debug|x86.Deploy.0 = Debug|x86
		{A79AEF4D-0AAD-4E31-8711-F5EF757C197B}.Release|Any CPU.ActiveCfg = Release|x86
		{A79AEF4D-0AAD-4E31-8711-F5EF757C197B}.Release|ARM.ActiveCfg = Release|ARM
		{A79AEF4D-0AAD-4E31-8711-F5EF757C197B}.Release|ARM.Build.0 = Release|ARM
		{A79AEF4D-0AAD-4E31-8711-F5EF757C197B}.Release|ARM.Deploy.0 = Release|ARM
		{A79AEF4D-0AAD-4E31-8711-F5EF757C197B}.Release|iPhone.ActiveCfg = Release|x86
		{A79AEF4D-0AAD-4E31-8711-F5EF757C197B}.Release|iPhoneSimulator.ActiveCfg = Release|x86
		{A79AEF4D-0AAD-4E31-8711-F5EF757C197B}.Release|x64.ActiveCfg = Release|x64
		{A79AEF4D-0AAD-4E31-8711-F5EF757C197B}.Release|x64.Build.0 = Release|x64
		{A79AEF4D-0AAD-4E31-8711-F5EF757C197B}.Release|x64.Deploy.0 = Release|x64
		{A79AEF4D-0AAD-4E31-8711-F5EF757C197B}.Release|x86.ActiveCfg = Release|x86
		{A79AEF4D-0AAD-4E31-8711-F5EF757C197B}.Release|x86.Build.0 = Release|x86
		{A79AEF4D-0AAD-4E31-8711-F5EF757C197B}.Release|x86.Deploy.0 = Release|x86
		{DC11C5EC-4553-49A8-995B-5891BE5FD105}.Ad-Hoc|Any CPU.ActiveCfg = Release|Any CPU
		{DC11C5EC-4553-49A8-995B-5891BE5FD105}.Ad-Hoc|Any CPU.Build.0 = Release|Any CPU
		{DC11C5EC-4553-49A8-995B-5891BE5FD105}.Ad-Hoc|Any CPU.Deploy.0 = Release|Any CPU
		{DC11C5EC-4553-49A8-995B-5891BE5FD105}.Ad-Hoc|ARM.ActiveCfg = Release|ARM
		{DC11C5EC-4553-49A8-995B-5891BE5FD105}.Ad-Hoc|ARM.Build.0 = Release|ARM
		{DC11C5EC-4553-49A8-995B-5891BE5FD105}.Ad-Hoc|ARM.Deploy.0 = Release|ARM
		{DC11C5EC-4553-49A8-995B-5891BE5FD105}.Ad-Hoc|iPhone.ActiveCfg = Release|Any CPU
		{DC11C5EC-4553-49A8-995B-5891BE5FD105}.Ad-Hoc|iPhone.Build.0 = Release|Any CPU
		{DC11C5EC-4553-49A8-995B-5891BE5FD105}.Ad-Hoc|iPhone.Deploy.0 = Release|Any CPU
		{DC11C5EC-4553-49A8-995B-5891BE5FD105}.Ad-Hoc|iPhoneSimulator.ActiveCfg = Release|Any CPU
		{DC11C5EC-4553-49A8-995B-5891BE5FD105}.Ad-Hoc|iPhoneSimulator.Build.0 = Release|Any CPU
		{DC11C5EC-4553-49A8-995B-5891BE5FD105}.Ad-Hoc|iPhoneSimulator.Deploy.0 = Release|Any CPU
		{DC11C5EC-4553-49A8-995B-5891BE5FD105}.Ad-Hoc|x64.ActiveCfg = Release|x64
		{DC11C5EC-4553-49A8-995B-5891BE5FD105}.Ad-Hoc|x64.Build.0 = Release|x64
		{DC11C5EC-4553-49A8-995B-5891BE5FD105}.Ad-Hoc|x64.Deploy.0 = Release|x64
		{DC11C5EC-4553-49A8-995B-5891BE5FD105}.Ad-Hoc|x86.ActiveCfg = Release|x86
		{DC11C5EC-4553-49A8-995B-5891BE5FD105}.Ad-Hoc|x86.Build.0 = Release|x86
		{DC11C5EC-4553-49A8-995B-5891BE5FD105}.Ad-Hoc|x86.Deploy.0 = Release|x86
		{DC11C5EC-4553-49A8-995B-5891BE5FD105}.AppStore|Any CPU.ActiveCfg = Release|Any CPU
		{DC11C5EC-4553-49A8-995B-5891BE5FD105}.AppStore|Any CPU.Build.0 = Release|Any CPU
		{DC11C5EC-4553-49A8-995B-5891BE5FD105}.AppStore|Any CPU.Deploy.0 = Release|Any CPU
		{DC11C5EC-4553-49A8-995B-5891BE5FD105}.AppStore|ARM.ActiveCfg = Release|ARM
		{DC11C5EC-4553-49A8-995B-5891BE5FD105}.AppStore|ARM.Build.0 = Release|ARM
		{DC11C5EC-4553-49A8-995B-5891BE5FD105}.AppStore|ARM.Deploy.0 = Release|ARM
		{DC11C5EC-4553-49A8-995B-5891BE5FD105}.AppStore|iPhone.ActiveCfg = Release|Any CPU
		{DC11C5EC-4553-49A8-995B-5891BE5FD105}.AppStore|iPhone.Build.0 = Release|Any CPU
		{DC11C5EC-4553-49A8-995B-5891BE5FD105}.AppStore|iPhone.Deploy.0 = Release|Any CPU
		{DC11C5EC-4553-49A8-995B-5891BE5FD105}.AppStore|iPhoneSimulator.ActiveCfg = Release|Any CPU
		{DC11C5EC-4553-49A8-995B-5891BE5FD105}.AppStore|iPhoneSimulator.Build.0 = Release|Any CPU
		{DC11C5EC-4553-49A8-995B-5891BE5FD105}.AppStore|iPhoneSimulator.Deploy.0 = Release|Any CPU
		{DC11C5EC-4553-49A8-995B-5891BE5FD105}.AppStore|x64.ActiveCfg = Release|x64
		{DC11C5EC-4553-49A8-995B-5891BE5FD105}.AppStore|x64.Build.0 = Release|x64
		{DC11C5EC-4553-49A8-995B-5891BE5FD105}.AppStore|x64.Deploy.0 = Release|x64
		{DC11C5EC-4553-49A8-995B-5891BE5FD105}.AppStore|x86.ActiveCfg = Release|x86
		{DC11C5EC-4553-49A8-995B-5891BE5FD105}.AppStore|x86.Build.0 = Release|x86
		{DC11C5EC-4553-49A8-995B-5891BE5FD105}.AppStore|x86.Deploy.0 = Release|x86
		{DC11C5EC-4553-49A8-995B-5891BE5FD105}.Debug|Any CPU.ActiveCfg = Debug|Any CPU
		{DC11C5EC-4553-49A8-995B-5891BE5FD105}.Debug|Any CPU.Build.0 = Debug|Any CPU
		{DC11C5EC-4553-49A8-995B-5891BE5FD105}.Debug|Any CPU.Deploy.0 = Debug|Any CPU
		{DC11C5EC-4553-49A8-995B-5891BE5FD105}.Debug|ARM.ActiveCfg = Debug|ARM
		{DC11C5EC-4553-49A8-995B-5891BE5FD105}.Debug|ARM.Build.0 = Debug|ARM
		{DC11C5EC-4553-49A8-995B-5891BE5FD105}.Debug|ARM.Deploy.0 = Debug|ARM
		{DC11C5EC-4553-49A8-995B-5891BE5FD105}.Debug|iPhone.ActiveCfg = Debug|Any CPU
		{DC11C5EC-4553-49A8-995B-5891BE5FD105}.Debug|iPhone.Build.0 = Debug|Any CPU
		{DC11C5EC-4553-49A8-995B-5891BE5FD105}.Debug|iPhone.Deploy.0 = Debug|Any CPU
		{DC11C5EC-4553-49A8-995B-5891BE5FD105}.Debug|iPhoneSimulator.ActiveCfg = Debug|Any CPU
		{DC11C5EC-4553-49A8-995B-5891BE5FD105}.Debug|iPhoneSimulator.Build.0 = Debug|Any CPU
		{DC11C5EC-4553-49A8-995B-5891BE5FD105}.Debug|iPhoneSimulator.Deploy.0 = Debug|Any CPU
		{DC11C5EC-4553-49A8-995B-5891BE5FD105}.Debug|x64.ActiveCfg = Debug|x64
		{DC11C5EC-4553-49A8-995B-5891BE5FD105}.Debug|x64.Build.0 = Debug|x64
		{DC11C5EC-4553-49A8-995B-5891BE5FD105}.Debug|x64.Deploy.0 = Debug|x64
		{DC11C5EC-4553-49A8-995B-5891BE5FD105}.Debug|x86.ActiveCfg = Debug|x86
		{DC11C5EC-4553-49A8-995B-5891BE5FD105}.Debug|x86.Build.0 = Debug|x86
		{DC11C5EC-4553-49A8-995B-5891BE5FD105}.Debug|x86.Deploy.0 = Debug|x86
		{DC11C5EC-4553-49A8-995B-5891BE5FD105}.Release|Any CPU.ActiveCfg = Release|Any CPU
		{DC11C5EC-4553-49A8-995B-5891BE5FD105}.Release|Any CPU.Build.0 = Release|Any CPU
		{DC11C5EC-4553-49A8-995B-5891BE5FD105}.Release|Any CPU.Deploy.0 = Release|Any CPU
		{DC11C5EC-4553-49A8-995B-5891BE5FD105}.Release|ARM.ActiveCfg = Release|ARM
		{DC11C5EC-4553-49A8-995B-5891BE5FD105}.Release|ARM.Build.0 = Release|ARM
		{DC11C5EC-4553-49A8-995B-5891BE5FD105}.Release|ARM.Deploy.0 = Release|ARM
		{DC11C5EC-4553-49A8-995B-5891BE5FD105}.Release|iPhone.ActiveCfg = Release|Any CPU
		{DC11C5EC-4553-49A8-995B-5891BE5FD105}.Release|iPhone.Build.0 = Release|Any CPU
		{DC11C5EC-4553-49A8-995B-5891BE5FD105}.Release|iPhone.Deploy.0 = Release|Any CPU
		{DC11C5EC-4553-49A8-995B-5891BE5FD105}.Release|iPhoneSimulator.ActiveCfg = Release|Any CPU
		{DC11C5EC-4553-49A8-995B-5891BE5FD105}.Release|iPhoneSimulator.Build.0 = Release|Any CPU
		{DC11C5EC-4553-49A8-995B-5891BE5FD105}.Release|iPhoneSimulator.Deploy.0 = Release|Any CPU
		{DC11C5EC-4553-49A8-995B-5891BE5FD105}.Release|x64.ActiveCfg = Release|x64
		{DC11C5EC-4553-49A8-995B-5891BE5FD105}.Release|x64.Build.0 = Release|x64
		{DC11C5EC-4553-49A8-995B-5891BE5FD105}.Release|x64.Deploy.0 = Release|x64
		{DC11C5EC-4553-49A8-995B-5891BE5FD105}.Release|x86.ActiveCfg = Release|x86
		{DC11C5EC-4553-49A8-995B-5891BE5FD105}.Release|x86.Build.0 = Release|x86
		{DC11C5EC-4553-49A8-995B-5891BE5FD105}.Release|x86.Deploy.0 = Release|x86
	EndGlobalSection
	GlobalSection(SolutionProperties) = preSolution
		HideSolutionNode = FALSE
	EndGlobalSection
EndGlobal
